
Microsoft Visual Studio Solution File, Format Version 12.00
# Visual Studio Version 16
VisualStudioVersion = 16.0.31424.327
MinimumVisualStudioVersion = 10.0.40219.1
Project("{9A19103F-16F7-4668-BE54-9A1E7A4F7556}") = "ExampleWebApp", "WebAppExample\WebAppExample.csproj", "{52F6E041-0F8F-4A3E-AD78-36E9F1071D8D}"
EndProject
Project("{FAE04EC0-301F-11D3-BF4B-00C04F79EFBC}") = "SmartEnum.ModelBinding", "SmartEnum.ModelBinding\SmartEnum.ModelBinding.csproj", "{A60C08BE-6F11-4F72-8FBC-6C90A1DC02E4}"
EndProject
Global
	GlobalSection(SolutionConfigurationPlatforms) = preSolution
		Debug|Any CPU = Debug|Any CPU
		Release|Any CPU = Release|Any CPU
	EndGlobalSection
	GlobalSection(ProjectConfigurationPlatforms) = postSolution
		{52F6E041-0F8F-4A3E-AD78-36E9F1071D8D}.Debug|Any CPU.ActiveCfg = Debug|Any CPU
		{52F6E041-0F8F-4A3E-AD78-36E9F1071D8D}.Debug|Any CPU.Build.0 = Debug|Any CPU
		{52F6E041-0F8F-4A3E-AD78-36E9F1071D8D}.Release|Any CPU.ActiveCfg = Release|Any CPU
		{52F6E041-0F8F-4A3E-AD78-36E9F1071D8D}.Release|Any CPU.Build.0 = Release|Any CPU
		{A60C08BE-6F11-4F72-8FBC-6C90A1DC02E4}.Debug|Any CPU.ActiveCfg = Debug|Any CPU
		{A60C08BE-6F11-4F72-8FBC-6C90A1DC02E4}.Debug|Any CPU.Build.0 = Debug|Any CPU
		{A60C08BE-6F11-4F72-8FBC-6C90A1DC02E4}.Release|Any CPU.ActiveCfg = Release|Any CPU
		{A60C08BE-6F11-4F72-8FBC-6C90A1DC02E4}.Release|Any CPU.Build.0 = Release|Any CPU
	EndGlobalSection
	GlobalSection(SolutionProperties) = preSolution
		HideSolutionNode = FALSE
	EndGlobalSection
	GlobalSection(ExtensibilityGlobals) = postSolution
		SolutionGuid = {4F97C715-F88D-4FB1-8D5D-571DB789D92E}
	EndGlobalSection
EndGlobal
